# @generated - this file is auto-generated by `mise lock` https://mise.jdx.dev/dev-tools/mise-lock.html

[[tools.helmfile]]
version = "1.7.4"
backend = "aqua:helmfile/helmfile"

[tools.helmfile."platforms.linux-arm64"]
checksum = "sha256:0292f57a4638a21e775b0ce8bde37ee3fdd65dbbdbe0e5b9a06718f1dd04c7fa"
url = "https://github.com/helmfile/helmfile/releases/download/v1.7.4/helmfile_1.7.4_linux_arm64.tar.gz"
url_api = "https://api.github.com/repos/helmfile/helmfile/releases/assets/516813268"

[tools.helmfile."platforms.linux-arm64-musl"]
checksum = "sha256:0292f57a4638a21e775b0ce8bde37ee3fdd65dbbdbe0e5b9a06718f1dd04c7fa"
url = "https://github.com/helmfile/helmfile/releases/download/v1.7.4/helmfile_1.7.4_linux_arm64.tar.gz"
url_api = "https://api.github.com/repos/helmfile/helmfile/releases/assets/516813268"

[tools.helmfile."platforms.linux-x64"]
checksum = "sha256:f96ef0a015df06b29d7f38bf0ca08821018ae25eb96bf2c7abd3affa1b84e112"
url = "https://github.com/helmfile/helmfile/releases/download/v1.7.4/helmfile_1.7.4_linux_amd64.tar.gz"
url_api = "https://api.github.com/repos/helmfile/helmfile/releases/assets/516813296"

[tools.helmfile."platforms.linux-x64-musl"]
checksum = "sha256:f96ef0a015df06b29d7f38bf0ca08821018ae25eb96bf2c7abd3affa1b84e112"
url = "https://github.com/helmfile/helmfile/releases/download/v1.7.4/helmfile_1.7.4_linux_amd64.tar.gz"
url_api = "https://api.github.com/repos/helmfile/helmfile/releases/assets/516813296"

[tools.helmfile."platforms.macos-arm64"]
checksum = "sha256:e1490d371fecc1f2d9aae914ef34058f3cb2363c9ee63350b37a85c3994d71d9"
url = "https://github.com/helmfile/helmfile/releases/download/v1.7.4/helmfile_1.7.4_darwin_arm64.tar.gz"
url_api = "https://api.github.com/repos/helmfile/helmfile/releases/assets/516813297"

[tools.helmfile."platforms.macos-x64"]
checksum = "sha256:7a0951fcc5bb991d7ea3a0c80e35754eb3981dcadba19795edbec7cba2518ae2"
url = "https://github.com/helmfile/helmfile/releases/download/v1.7.4/helmfile_1.7.4_darwin_amd64.tar.gz"
url_api = "https://api.github.com/repos/helmfile/helmfile/releases/assets/516813301"

[tools.helmfile."platforms.windows-x64"]
checksum = "sha256:f1637850f5d5c311bbadea2f99afec9ab6d4999eeba225c1d787b09ae077bd73"
url = "https://github.com/helmfile/helmfile/releases/download/v1.7.4/helmfile_1.7.4_windows_amd64.tar.gz"
url_api = "https://api.github.com/repos/helmfile/helmfile/releases/assets/516813271"

[[tools.omnictl]]
version = "1.11.0"
backend = "aqua:siderolabs/omni/omnictl"

[tools.omnictl."platforms.linux-arm64"]
checksum = "sha256:f579346cf9a6030ef6c23b583d2a6a2ab32241d633b6cc16f44cb196d660dcb7"
url = "https://github.com/siderolabs/omni/releases/download/v1.11.0/omnictl-linux-arm64"
url_api = "https://api.github.com/repos/siderolabs/omni/releases/assets/544685460"

[tools.omnictl."platforms.linux-arm64-musl"]
checksum = "sha256:f579346cf9a6030ef6c23b583d2a6a2ab32241d633b6cc16f44cb196d660dcb7"
url = "https://github.com/siderolabs/omni/releases/download/v1.11.0/omnictl-linux-arm64"
url_api = "https://api.github.com/repos/siderolabs/omni/releases/assets/544685460"

[tools.omnictl."platforms.linux-x64"]
checksum = "sha256:358e8b102fda75c9a4298ac6720379276bb19c9da8fdf0fe7a490342b4ea1754"
url = "https://github.com/siderolabs/omni/releases/download/v1.11.0/omnictl-linux-amd64"
url_api = "https://api.github.com/repos/siderolabs/omni/releases/assets/544685473"

[tools.omnictl."platforms.linux-x64-musl"]
checksum = "sha256:358e8b102fda75c9a4298ac6720379276bb19c9da8fdf0fe7a490342b4ea1754"
url = "https://github.com/siderolabs/omni/releases/download/v1.11.0/omnictl-linux-amd64"
url_api = "https://api.github.com/repos/siderolabs/omni/releases/assets/544685473"

[tools.omnictl."platforms.macos-arm64"]
checksum = "sha256:4bbb149a3b5b2f85051f4c4dbc15629e639ca5327d6e5f1c37028eff3cc1075f"
url = "https://github.com/siderolabs/omni/releases/download/v1.11.0/omnictl-darwin-arm64"
url_api = "https://api.github.com/repos/siderolabs/omni/releases/assets/544685463"

[tools.omnictl."platforms.macos-x64"]
checksum = "sha256:f0d320ab498d1a38252861674fedb26471b80b2eb869bdd3436cc1d4d6531236"
url = "https://github.com/siderolabs/omni/releases/download/v1.11.0/omnictl-darwin-amd64"
url_api = "https://api.github.com/repos/siderolabs/omni/releases/assets/544685472"

[tools.omnictl."platforms.windows-x64"]
checksum = "sha256:212726b4037905879cca5ee498146d1a1e779d462b5377d0bdb0a9e17f8ebbf0"
url = "https://github.com/siderolabs/omni/releases/download/v1.11.0/omnictl-windows-amd64.exe"
url_api = "https://api.github.com/repos/siderolabs/omni/releases/assets/544685470"

[[tools.terraform]]
version = "1.16.1"
backend = "aqua:hashicorp/terraform"

[tools.terraform."platforms.linux-arm64"]
checksum = "sha256:423288a23ab024d42ac05c409972585f7ec0cf1be572b773ad952f9a1c41387d"
url = "https://releases.hashicorp.com/terraform/1.16.1/terraform_1.16.1_linux_arm64.zip"

[tools.terraform."platforms.linux-arm64-musl"]
checksum = "sha256:423288a23ab024d42ac05c409972585f7ec0cf1be572b773ad952f9a1c41387d"
url = "https://releases.hashicorp.com/terraform/1.16.1/terraform_1.16.1_linux_arm64.zip"

[tools.terraform."platforms.linux-x64"]
checksum = "sha256:745d33b4b02b7980c62a38ec1beea24ee084ea8caf3f503c200554bd9a0cbe49"
url = "https://releases.hashicorp.com/terraform/1.16.1/terraform_1.16.1_linux_amd64.zip"

[tools.terraform."platforms.linux-x64-musl"]
checksum = "sha256:745d33b4b02b7980c62a38ec1beea24ee084ea8caf3f503c200554bd9a0cbe49"
url = "https://releases.hashicorp.com/terraform/1.16.1/terraform_1.16.1_linux_amd64.zip"

[tools.terraform."platforms.macos-arm64"]
checksum = "sha256:e22cba761ddbd4d218939b28715ab3af37aaf8a42efa41f7d75b2c3d73636060"
url = "https://releases.hashicorp.com/terraform/1.16.1/terraform_1.16.1_darwin_arm64.zip"

[tools.terraform."platforms.macos-x64"]
checksum = "sha256:3f165e7fabdb8ec44151494418efa1e8095c3f589ed8376a93578a96867a062c"
url = "https://releases.hashicorp.com/terraform/1.16.1/terraform_1.16.1_darwin_amd64.zip"

[tools.terraform."platforms.windows-x64"]
checksum = "sha256:5c6c6d8fedf56ce29c55f0c1fc91de3c259f42c2d220a28e827b5b60fd47bfa1"
url = "https://releases.hashicorp.com/terraform/1.16.1/terraform_1.16.1_windows_amd64.zip"
